dependencies:
- name: mariadb
  repository: https://kubernetes-charts.storage.googleapis.com/
  version: 6.7.4
- name: postgresql
  repository: https://kubernetes-charts.storage.googleapis.com/
  version: 6.2.0
- name: redis
  repository: https://kubernetes-charts.storage.googleapis.com/
  version: 9.0.1
- name: rabbitmq
  repository: https://kubernetes-charts.storage.googleapis.com/
  version: 6.2.3
digest: sha256:256c0fa063d1f72e5724e1c5fd6b99931dc3b364a7995c28ab8830fd01a4fdd2
generated: "2019-08-04T20:38:54.743666+05:30"
